// !$*UTF8*$!
{
	archiveVersion = 1;
	classes = {
	};
	objectVersion = 50;
	objects = {

/* Begin PBXBuildFile section */
		2014AF80220E058F00890F8B /* AppDelegate.swift in Sources */ = {isa = PBXBuildFile; fileRef = 2014AF7F220E058F00890F8B /* AppDelegate.swift */; };
		2014AF82220E058F00890F8B /* ViewController.swift in Sources */ = {isa = PBXBuildFile; fileRef = 2014AF81220E058F00890F8B /* ViewController.swift */; };
		2014AF85220E058F00890F8B /* Main.storyboard in Resources */ = {isa = PBXBuildFile; fileRef = 2014AF83220E058F00890F8B /* Main.storyboard */; };
		2014AF87220E059200890F8B /* Assets.xcassets in Resources */ = {isa = PBXBuildFile; fileRef = 2014AF86220E059200890F8B /* Assets.xcassets */; };
		2014AF8A220E059200890F8B /* LaunchScreen.storyboard in Resources */ = {isa = PBXBuildFile; fileRef = 2014AF88220E059200890F8B /* LaunchScreen.storyboard */; };
		2014AF96220E06BF00890F8B /* CKSquareRegion.m in Sources */ = {isa = PBXBuildFile; fileRef = 2014AF94220E06BF00890F8B /* CKSquareRegion.m */; };
		2014AF98220E076E00890F8B /* RegionProtocol.swift in Sources */ = {isa = PBXBuildFile; fileRef = 2014AF97220E076E00890F8B /* RegionProtocol.swift */; };
		206AF09C220FAB53006935C3 /* Helpers.swift in Sources */ = {isa = PBXBuildFile; fileRef = 206AF09B220FAB53006935C3 /* Helpers.swift */; };
/* End PBXBuildFile section */

/* Begin PBXFileReference section */
		2014AF7C220E058F00890F8B /* SquareRegion.app */ = {isa = PBXFileReference; explicitFileType = wrapper.application; includeInIndex = 0; path = SquareRegion.app; sourceTree = BUILT_PRODUCTS_DIR; };
		2014AF7F220E058F00890F8B /* AppDelegate.swift */ = {isa = PBXFileReference; lastKnownFileType = sourcecode.swift; path = AppDelegate.swift; sourceTree = "<group>"; };
		2014AF81220E058F00890F8B /* ViewController.swift */ = {isa = PBXFileReference; lastKnownFileType = sourcecode.swift; path = ViewController.swift; sourceTree = "<group>"; };
		2014AF84220E058F00890F8B /* Base */ = {isa = PBXFileReference; lastKnownFileType = file.storyboard; name = Base; path = Base.lproj/Main.storyboard; sourceTree = "<group>"; };
		2014AF86220E059200890F8B /* Assets.xcassets */ = {isa = PBXFileReference; lastKnownFileType = folder.assetcatalog; path = Assets.xcassets; sourceTree = "<group>"; };
		2014AF89220E059200890F8B /* Base */ = {isa = PBXFileReference; lastKnownFileType = file.storyboard; name = Base; path = Base.lproj/LaunchScreen.storyboard; sourceTree = "<group>"; };
		2014AF8B220E059200890F8B /* Info.plist */ = {isa = PBXFileReference; lastKnownFileType = text.plist.xml; path = Info.plist; sourceTree = "<group>"; };
		2014AF93220E06BE00890F8B /* Square geofence region-Bridging-Header.h */ = {isa = PBXFileReference; lastKnownFileType = sourcecode.c.h; path = "Square geofence region-Bridging-Header.h"; sourceTree = "<group>"; };
		2014AF94220E06BF00890F8B /* CKSquareRegion.m */ = {isa = PBXFileReference; fileEncoding = 4; lastKnownFileType = sourcecode.c.objc; path = CKSquareRegion.m; sourceTree = "<group>"; };
		2014AF95220E06BF00890F8B /* CKSquareRegion.h */ = {isa = PBXFileReference; fileEncoding = 4; lastKnownFileType = sourcecode.c.h; path = CKSquareRegion.h; sourceTree = "<group>"; };
		2014AF97220E076E00890F8B /* RegionProtocol.swift */ = {isa = PBXFileReference; lastKnownFileType = sourcecode.swift; path = RegionProtocol.swift; sourceTree = "<group>"; };
		206AF09B220FAB53006935C3 /* Helpers.swift */ = {isa = PBXFileReference; lastKnownFileType = sourcecode.swift; path = Helpers.swift; sourceTree = "<group>"; };
		206AF09D22112873006935C3 /* LocationPostStreet.gpx */ = {isa = PBXFileReference; lastKnownFileType = text.xml; path = LocationPostStreet.gpx; sourceTree = "<group>"; };
/* End PBXFileReference section */

/* Begin PBXFrameworksBuildPhase section */
		2014AF79220E058F00890F8B /* Frameworks */ = {
			isa = PBXFrameworksBuildPhase;
			buildActionMask = 2147483647;
			files = (
			);
			runOnlyForDeploymentPostprocessing = 0;
		};
/* End PBXFrameworksBuildPhase section */

/* Begin PBXGroup section */
		2014AF73220E058F00890F8B = {
			isa = PBXGroup;
			children = (
				2014AF7E220E058F00890F8B /* SquareRegion */,
				2014AF7D220E058F00890F8B /* Products */,
			);
			sourceTree = "<group>";
		};
		2014AF7D220E058F00890F8B /* Products */ = {
			isa = PBXGroup;
			children = (
				2014AF7C220E058F00890F8B /* SquareRegion.app */,
			);
			name = Products;
			sourceTree = "<group>";
		};
		2014AF7E220E058F00890F8B /* SquareRegion */ = {
			isa = PBXGroup;
			children = (
				2014AF95220E06BF00890F8B /* CKSquareRegion.h */,
				2014AF94220E06BF00890F8B /* CKSquareRegion.m */,
				2014AF93220E06BE00890F8B /* Square geofence region-Bridging-Header.h */,
				2014AF97220E076E00890F8B /* RegionProtocol.swift */,
				2014AF92220E067900890F8B /* Models */,
				2014AF91220E065F00890F8B /* Protocol */,
				2014AF7F220E058F00890F8B /* AppDelegate.swift */,
				2014AF81220E058F00890F8B /* ViewController.swift */,
				2014AF83220E058F00890F8B /* Main.storyboard */,
				2014AF86220E059200890F8B /* Assets.xcassets */,
				2014AF88220E059200890F8B /* LaunchScreen.storyboard */,
				2014AF8B220E059200890F8B /* Info.plist */,
				206AF09B220FAB53006935C3 /* Helpers.swift */,
				206AF09D22112873006935C3 /* LocationPostStreet.gpx */,
			);
			path = SquareRegion;
			sourceTree = "<group>";
		};
		2014AF91220E065F00890F8B /* Protocol */ = {
			isa = PBXGroup;
			children = (
			);
			path = Protocol;
			sourceTree = "<group>";
		};
		2014AF92220E067900890F8B /* Models */ = {
			isa = PBXGroup;
			children = (
			);
			path = Models;
			sourceTree = "<group>";
		};
/* End PBXGroup section */

/* Begin PBXNativeTarget section */
		2014AF7B220E058F00890F8B /* SquareRegion */ = {
			isa = PBXNativeTarget;
			buildConfigurationList = 2014AF8E220E059200890F8B /* Build configuration list for PBXNativeTarget "SquareRegion" */;
			buildPhases = (
				2014AF78220E058F00890F8B /* Sources */,
				2014AF79220E058F00890F8B /* Frameworks */,
				2014AF7A220E058F00890F8B /* Resources */,
			);
			buildRules = (
			);
			dependencies = (
			);
			name = SquareRegion;
			productName = "Square geofence region";
			productReference = 2014AF7C220E058F00890F8B /* SquareRegion.app */;
			productType = "com.apple.product-type.application";
		};
/* End PBXNativeTarget section */

/* Begin PBXProject section */
		2014AF74220E058F00890F8B /* Project object */ = {
			isa = PBXProject;
			attributes = {
				LastSwiftUpdateCheck = 1010;
				LastUpgradeCheck = 1010;
				ORGANIZATIONNAME = "Yves Songolo";
				TargetAttributes = {
					2014AF7B220E058F00890F8B = {
						CreatedOnToolsVersion = 10.1;
						LastSwiftMigration = 1010;
					};
				};
			};
			buildConfigurationList = 2014AF77220E058F00890F8B /* Build configuration list for PBXProject "SquareRegion" */;
			compatibilityVersion = "Xcode 9.3";
			developmentRegion = en;
			hasScannedForEncodings = 0;
			knownRegions = (
				en,
				Base,
			);
			mainGroup = 2014AF73220E058F00890F8B;
			productRefGroup = 2014AF7D220E058F00890F8B /* Products */;
			projectDirPath = "";
			projectRoot = "";
			targets = (
				2014AF7B220E058F00890F8B /* SquareRegion */,
			);
		};
/* End PBXProject section */

/* Begin PBXResourcesBuildPhase section */
		2014AF7A220E058F00890F8B /* Resources */ = {
			isa = PBXResourcesBuildPhase;
			buildActionMask = 2147483647;
			files = (
				2014AF8A220E059200890F8B /* LaunchScreen.storyboard in Resources */,
				2014AF87220E059200890F8B /* Assets.xcassets in Resources */,
				2014AF85220E058F00890F8B /* Main.storyboard in Resources */,
			);
			runOnlyForDeploymentPostprocessing = 0;
		};
/* End PBXResourcesBuildPhase section */

/* Begin PBXSourcesBuildPhase section */
		2014AF78220E058F00890F8B /* Sources */ = {
			isa = PBXSourcesBuildPhase;
			buildActionMask = 2147483647;
			files = (
				2014AF98220E076E00890F8B /* RegionProtocol.swift in Sources */,
				2014AF82220E058F00890F8B /* ViewController.swift in Sources */,
				2014AF80220E058F00890F8B /* AppDelegate.swift in Sources */,
				206AF09C220FAB53006935C3 /* Helpers.swift in Sources */,
				2014AF96220E06BF00890F8B /* CKSquareRegion.m in Sources */,
			);
			runOnlyForDeploymentPostprocessing = 0;
		};
/* End PBXSourcesBuildPhase section */

/* Begin PBXVariantGroup section */
		2014AF83220E058F00890F8B /* Main.storyboard */ = {
			isa = PBXVariantGroup;
			children = (
				2014AF84220E058F00890F8B /* Base */,
			);
			name = Main.storyboard;
			sourceTree = "<group>";
		};
		2014AF88220E059200890F8B /* LaunchScreen.storyboard */ = {
			isa = PBXVariantGroup;
			children = (
				2014AF89220E059200890F8B /* Base */,
			);
			name = LaunchScreen.storyboard;
			sourceTree = "<group>";
		};
/* End PBXVariantGroup section */

/* Begin XCBuildConfiguration section */
		2014AF8C220E059200890F8B /* Debug */ = {
			isa = XCBuildConfiguration;
			buildSettings = {
				ALWAYS_SEARCH_USER_PATHS = NO;
				CLANG_ANALYZER_NONNULL = YES;
				CLANG_ANALYZER_NUMBER_OBJECT_CONVERSION = YES_AGGRESSIVE;
				CLANG_CXX_LANGUAGE_STANDARD = "gnu++14";
				CLANG_CXX_LIBRARY = "libc++";
				CLANG_ENABLE_MODULES = YES;
				CLANG_ENABLE_OBJC_ARC = YES;
				CLANG_ENABLE_OBJC_WEAK = YES;
				CLANG_WARN_BLOCK_CAPTURE_AUTORELEASING = YES;
				CLANG_WARN_BOOL_CONVERSION = YES;
				CLANG_WARN_COMMA = YES;
				CLANG_WARN_CONSTANT_CONVERSION = YES;
				CLANG_WARN_DEPRECATED_OBJC_IMPLEMENTATIONS = YES;
				CLANG_WARN_DIRECT_OBJC_ISA_USAGE = YES_ERROR;
				CLANG_WARN_DOCUMENTATION_COMMENTS = YES;
				CLANG_WARN_EMPTY_BODY = YES;
				CLANG_WARN_ENUM_CONVERSION = YES;
				CLANG_WARN_INFINITE_RECURSION = YES;
				CLANG_WARN_INT_CONVERSION = YES;
				CLANG_WARN_NON_LITERAL_NULL_CONVERSION = YES;
				CLANG_WARN_OBJC_IMPLICIT_RETAIN_SELF = YES;
				CLANG_WARN_OBJC_LITERAL_CONVERSION = YES;
				CLANG_WARN_OBJC_ROOT_CLASS = YES_ERROR;
				CLANG_WARN_RANGE_LOOP_ANALYSIS = YES;
				CLANG_WARN_STRICT_PROTOTYPES = YES;
				CLANG_WARN_SUSPICIOUS_MOVE = YES;
				CLANG_WARN_UNGUARDED_AVAILABILITY = YES_AGGRESSIVE;
				CLANG_WARN_UNREACHABLE_CODE = YES;
				CLANG_WARN__DUPLICATE_METHOD_MATCH = YES;
				CODE_SIGN_IDENTITY = "iPhone Developer";
				COPY_PHASE_STRIP = NO;
				DEBUG_INFORMATION_FORMAT = dwarf;
				ENABLE_STRICT_OBJC_MSGSEND = YES;
				ENABLE_TESTABILITY = YES;
				GCC_C_LANGUAGE_STANDARD = gnu11;
				GCC_DYNAMIC_NO_PIC = NO;
				GCC_NO_COMMON_BLOCKS = YES;
				GCC_OPTIMIZATION_LEVEL = 0;
				GCC_PREPROCESSOR_DEFINITIONS = (
					"DEBUG=1",
					"$(inherited)",
				);
				GCC_WARN_64_TO_32_BIT_CONVERSION = YES;
				GCC_WARN_ABOUT_RETURN_TYPE = YES_ERROR;
				GCC_WARN_UNDECLARED_SELECTOR = YES;
				GCC_WARN_UNINITIALIZED_AUTOS = YES_AGGRESSIVE;
				GCC_WARN_UNUSED_FUNCTION = YES;
				GCC_WARN_UNUSED_VARIABLE = YES;
				IPHONEOS_DEPLOYMENT_TARGET = 12.1;
				MTL_ENABLE_DEBUG_INFO = INCLUDE_SOURCE;
				MTL_FAST_MATH = YES;
				ONLY_ACTIVE_ARCH = YES;
				SDKROOT = iphoneos;
				SWIFT_ACTIVE_COMPILATION_CONDITIONS = DEBUG;
				SWIFT_OPTIMIZATION_LEVEL = "-Onone";
			};
			name = Debug;
		};
		2014AF8D220E059200890F8B /* Release */ = {
			isa = XCBuildConfiguration;
			buildSettings = {
				ALWAYS_SEARCH_USER_PATHS = NO;
				CLANG_ANALYZER_NONNULL = YES;
				CLANG_ANALYZER_NUMBER_OBJECT_CONVERSION = YES_AGGRESSIVE;
				CLANG_CXX_LANGUAGE_STANDARD = "gnu++14";
				CLANG_CXX_LIBRARY = "libc++";
				CLANG_ENABLE_MODULES = YES;
				CLANG_ENABLE_OBJC_ARC = YES;
				CLANG_ENABLE_OBJC_WEAK = YES;
				CLANG_WARN_BLOCK_CAPTURE_AUTORELEASING = YES;
				CLANG_WARN_BOOL_CONVERSION = YES;
				CLANG_WARN_COMMA = YES;
				CLANG_WARN_CONSTANT_CONVERSION = YES;
				CLANG_WARN_DEPRECATED_OBJC_IMPLEMENTATIONS = YES;
				CLANG_WARN_DIRECT_OBJC_ISA_USAGE = YES_ERROR;
				CLANG_WARN_DOCUMENTATION_COMMENTS = YES;
				CLANG_WARN_EMPTY_BODY = YES;
				CLANG_WARN_ENUM_CONVERSION = YES;
				CLANG_WARN_INFINITE_RECURSION = YES;
				CLANG_WARN_INT_CONVERSION = YES;
				CLANG_WARN_NON_LITERAL_NULL_CONVERSION = YES;
				CLANG_WARN_OBJC_IMPLICIT_RETAIN_SELF = YES;
				CLANG_WARN_OBJC_LITERAL_CONVERSION = YES;
				CLANG_WARN_OBJC_ROOT_CLASS = YES_ERROR;
				CLANG_WARN_RANGE_LOOP_ANALYSIS = YES;
				CLANG_WARN_STRICT_PROTOTYPES = YES;
				CLANG_WARN_SUSPICIOUS_MOVE = YES;
				CLANG_WARN_UNGUARDED_AVAILABILITY = YES_AGGRESSIVE;
				CLANG_WARN_UNREACHABLE_CODE = YES;
				CLANG_WARN__DUPLICATE_METHOD_MATCH = YES;
				CODE_SIGN_IDENTITY = "iPhone Developer";
				COPY_PHASE_STRIP = NO;
				DEBUG_INFORMATION_FORMAT = "dwarf-with-dsym";
				ENABLE_NS_ASSERTIONS = NO;
				ENABLE_STRICT_OBJC_MSGSEND = YES;
				GCC_C_LANGUAGE_STANDARD = gnu11;
				GCC_NO_COMMON_BLOCKS = YES;
				GCC_WARN_64_TO_32_BIT_CONVERSION = YES;
				GCC_WARN_ABOUT_RETURN_TYPE = YES_ERROR;
				GCC_WARN_UNDECLARED_SELECTOR = YES;
				GCC_WARN_UNINITIALIZED_AUTOS = YES_AGGRESSIVE;
				GCC_WARN_UNUSED_FUNCTION = YES;
				GCC_WARN_UNUSED_VARIABLE = YES;
				IPHONEOS_DEPLOYMENT_TARGET = 12.1;
				MTL_ENABLE_DEBUG_INFO = NO;
				MTL_FAST_MATH = YES;
				SDKROOT = iphoneos;
				SWIFT_COMPILATION_MODE = wholemodule;
				SWIFT_OPTIMIZATION_LEVEL = "-O";
				VALIDATE_PRODUCT = YES;
			};
			name = Release;
		};
		2014AF8F220E059200890F8B /* Debug */ = {
			isa = XCBuildConfiguration;
			buildSettings = {
				ASSETCATALOG_COMPILER_APPICON_NAME = AppIcon;
				CLANG_ENABLE_MODULES = YES;
				CODE_SIGN_STYLE = Automatic;
				DEVELOPMENT_TEAM = K7R433H2CL;
				INFOPLIST_FILE = "$(SRCROOT)/SquareRegion/Info.plist";
				LD_RUNPATH_SEARCH_PATHS = (
					"$(inherited)",
					"@executable_path/Frameworks",
				);
				PRODUCT_BUNDLE_IDENTIFIER = "com.yveslym.Square-geofence-region";
				PRODUCT_MODULE_NAME = "$(PRODUCT_NAME:c99extidentifier)";
				PRODUCT_NAME = "$(TARGET_NAME)";
				SWIFT_OBJC_BRIDGING_HEADER = "SquareRegion/Square geofence region-Bridging-Header.h";
				SWIFT_OPTIMIZATION_LEVEL = "-Onone";
				SWIFT_VERSION = 4.2;
				TARGETED_DEVICE_FAMILY = 1;
			};
			name = Debug;
		};
		2014AF90220E059200890F8B /* Release */ = {
			isa = XCBuildConfiguration;
			buildSettings = {
				ASSETCATALOG_COMPILER_APPICON_NAME = AppIcon;
				CLANG_ENABLE_MODULES = YES;
				CODE_SIGN_STYLE = Automatic;
				DEVELOPMENT_TEAM = K7R433H2CL;
				INFOPLIST_FILE = "$(SRCROOT)/SquareRegion/Info.plist";
				LD_RUNPATH_SEARCH_PATHS = (
					"$(inherited)",
					"@executable_path/Frameworks",
				);
				PRODUCT_BUNDLE_IDENTIFIER = "com.yveslym.Square-geofence-region";
				PRODUCT_MODULE_NAME = "$(PRODUCT_NAME:c99extidentifier)";
				PRODUCT_NAME = "$(TARGET_NAME)";
				SWIFT_OBJC_BRIDGING_HEADER = "SquareRegion/Square geofence region-Bridging-Header.h";
				SWIFT_VERSION = 4.2;
				TARGETED_DEVICE_FAMILY = 1;
			};
			name = Release;
		};
/* End XCBuildConfiguration section */

/* Begin XCConfigurationList section */
		2014AF77220E058F00890F8B /* Build configuration list for PBXProject "SquareRegion" */ = {
			isa = XCConfigurationList;
			buildConfigurations = (
				2014AF8C220E059200890F8B /* Debug */,
				2014AF8D220E059200890F8B /* Release */,
			);
			defaultConfigurationIsVisible = 0;
			defaultConfigurationName = Release;
		};
		2014AF8E220E059200890F8B /* Build configuration list for PBXNativeTarget "SquareRegion" */ = {
			isa = XCConfigurationList;
			buildConfigurations = (
				2014AF8F220E059200890F8B /* Debug */,
				2014AF90220E059200890F8B /* Release */,
			);
			defaultConfigurationIsVisible = 0;
			defaultConfigurationName = Release;
		};
/* End XCConfigurationList section */
	};
	rootObject = 2014AF74220E058F00890F8B /* Project object */;
}
